
Microsoft Visual Studio Solution File, Format Version 12.00
# Visual Studio Version 17
VisualStudioVersion = 17.8.34408.163
MinimumVisualStudioVersion = 10.0.40219.1
Project("{FAE04EC0-301F-11D3-BF4B-00C04F79EFBC}") = "Exercicio_Robson_1", "Exercicio_Robson_1\Exercicio_Robson_1.csproj", "{994D798E-E5CF-4043-BE83-242C2263D84E}"
EndProject
Global
	GlobalSection(SolutionConfigurationPlatforms) = preSolution
		Debug|Any CPU = Debug|Any CPU
		Release|Any CPU = Release|Any CPU
	EndGlobalSection
	GlobalSection(ProjectConfigurationPlatforms) = postSolution
		{994D798E-E5CF-4043-BE83-242C2263D84E}.Debug|Any CPU.ActiveCfg = Debug|Any CPU
		{994D798E-E5CF-4043-BE83-242C2263D84E}.Debug|Any CPU.Build.0 = Debug|Any CPU
		{994D798E-E5CF-4043-BE83-242C2263D84E}.Release|Any CPU.ActiveCfg = Release|Any CPU
		{994D798E-E5CF-4043-BE83-242C2263D84E}.Release|Any CPU.Build.0 = Release|Any CPU
	EndGlobalSection
	GlobalSection(SolutionProperties) = preSolution
		HideSolutionNode = FALSE
	EndGlobalSection
	GlobalSection(ExtensibilityGlobals) = postSolution
		SolutionGuid = {B5A21CDF-72B6-41DE-A68C-5D719C4B9E6C}
	EndGlobalSection
EndGlobal
